
Microsoft Visual Studio Solution File, Format Version 12.00
# Visual Studio Version 17
VisualStudioVersion = 17.3.32929.385
MinimumVisualStudioVersion = 10.0.40219.1
Project("{2150E333-8FDC-42A3-9474-1A3956D46DE8}") = "Feature", "Feature", "{8E20E640-376A-4147-84A6-25ED878EEA36}"
EndProject
Project("{2150E333-8FDC-42A3-9474-1A3956D46DE8}") = "GeneralContent", "GeneralContent", "{9D9481EF-080D-4663-BF88-90B4C9BB1226}"
EndProject
Project("{2150E333-8FDC-42A3-9474-1A3956D46DE8}") = "Foundation", "Foundation", "{26EFFA6D-B977-44E7-A9D6-64D86716331B}"
EndProject
Project("{2150E333-8FDC-42A3-9474-1A3956D46DE8}") = "Serialization", "Serialization", "{8B95867C-7F40-403F-AB7E-4B77372C020D}"
EndProject
Project("{9A19103F-16F7-4668-BE54-9A1E7A4F7556}") = "CodeHat.Feature.GeneralContent.Sxa", "Feature\General\CodeHat.Feature.GeneralContent.Sxa.csproj", "{9F13161D-7087-459B-B2BD-D45075C2FB9E}"
EndProject
Project("{9A19103F-16F7-4668-BE54-9A1E7A4F7556}") = "CodeHat.Foundation.Serialization.Sxa", "Foundation\Serialization\CodeHat.Foundation.Serialization.Sxa.csproj", "{A49E84EA-547C-43D0-AF56-119220C5E861}"
EndProject
Global
	GlobalSection(SolutionConfigurationPlatforms) = preSolution
		Debug|Any CPU = Debug|Any CPU
		Release|Any CPU = Release|Any CPU
	EndGlobalSection
	GlobalSection(ProjectConfigurationPlatforms) = postSolution
		{9F13161D-7087-459B-B2BD-D45075C2FB9E}.Debug|Any CPU.ActiveCfg = Debug|Any CPU
		{9F13161D-7087-459B-B2BD-D45075C2FB9E}.Debug|Any CPU.Build.0 = Debug|Any CPU
		{9F13161D-7087-459B-B2BD-D45075C2FB9E}.Release|Any CPU.ActiveCfg = Release|Any CPU
		{9F13161D-7087-459B-B2BD-D45075C2FB9E}.Release|Any CPU.Build.0 = Release|Any CPU
		{A49E84EA-547C-43D0-AF56-119220C5E861}.Debug|Any CPU.ActiveCfg = Debug|Any CPU
		{A49E84EA-547C-43D0-AF56-119220C5E861}.Debug|Any CPU.Build.0 = Debug|Any CPU
		{A49E84EA-547C-43D0-AF56-119220C5E861}.Release|Any CPU.ActiveCfg = Release|Any CPU
		{A49E84EA-547C-43D0-AF56-119220C5E861}.Release|Any CPU.Build.0 = Release|Any CPU
	EndGlobalSection
	GlobalSection(SolutionProperties) = preSolution
		HideSolutionNode = FALSE
	EndGlobalSection
	GlobalSection(NestedProjects) = preSolution
		{9D9481EF-080D-4663-BF88-90B4C9BB1226} = {8E20E640-376A-4147-84A6-25ED878EEA36}
		{8B95867C-7F40-403F-AB7E-4B77372C020D} = {26EFFA6D-B977-44E7-A9D6-64D86716331B}
		{9F13161D-7087-459B-B2BD-D45075C2FB9E} = {9D9481EF-080D-4663-BF88-90B4C9BB1226}
		{A49E84EA-547C-43D0-AF56-119220C5E861} = {8B95867C-7F40-403F-AB7E-4B77372C020D}
	EndGlobalSection
	GlobalSection(ExtensibilityGlobals) = postSolution
		SolutionGuid = {29CB2FD9-D1EA-4AD1-9EAD-D2A0F8F85D11}
	EndGlobalSection
EndGlobal
